
Microsoft Visual Studio Solution File, Format Version 12.00
Project("{FAE04EC0-301F-11D3-BF4B-00C04F79EFBC}") = "MessageFlow", "MessageFlow\MessageFlow.csproj", "{EBF5FC3A-B49A-4C48-9B64-7E8E6B4C6FAB}"
EndProject
Project("{FAE04EC0-301F-11D3-BF4B-00C04F79EFBC}") = "MessageFlow.App", "MessageFlow.App\MessageFlow.App.csproj", "{264EA73C-CFF7-4F98-A45E-04003FC4352D}"
EndProject
Project("{FAE04EC0-301F-11D3-BF4B-00C04F79EFBC}") = "MessageFlow.Kafka", "MessageFlow.Kafka\MessageFlow.Kafka.csproj", "{4D0D61E5-F51B-40F9-BAE4-69003E178B7F}"
EndProject
Project("{FAE04EC0-301F-11D3-BF4B-00C04F79EFBC}") = "ConsumerApp", "ConsumerApp\ConsumerApp.csproj", "{2FF7347F-9D81-4C45-A421-62843BEDB012}"
EndProject
Project("{FAE04EC0-301F-11D3-BF4B-00C04F79EFBC}") = "ProducerApp", "ProducerApp\ProducerApp.csproj", "{5F476ECC-B89C-44D3-A656-FB9C018E344B}"
EndProject
Project("{FAE04EC0-301F-11D3-BF4B-00C04F79EFBC}") = "SharedLibrary", "SharedLibrary\SharedLibrary.csproj", "{FA139417-EEA7-41ED-941A-6759F35E92EC}"
EndProject
Global
	GlobalSection(SolutionConfigurationPlatforms) = preSolution
		Debug|Any CPU = Debug|Any CPU
		Release|Any CPU = Release|Any CPU
	EndGlobalSection
	GlobalSection(ProjectConfigurationPlatforms) = postSolution
		{EBF5FC3A-B49A-4C48-9B64-7E8E6B4C6FAB}.Debug|Any CPU.ActiveCfg = Debug|Any CPU
		{EBF5FC3A-B49A-4C48-9B64-7E8E6B4C6FAB}.Debug|Any CPU.Build.0 = Debug|Any CPU
		{EBF5FC3A-B49A-4C48-9B64-7E8E6B4C6FAB}.Release|Any CPU.ActiveCfg = Release|Any CPU
		{EBF5FC3A-B49A-4C48-9B64-7E8E6B4C6FAB}.Release|Any CPU.Build.0 = Release|Any CPU
		{264EA73C-CFF7-4F98-A45E-04003FC4352D}.Debug|Any CPU.ActiveCfg = Debug|Any CPU
		{264EA73C-CFF7-4F98-A45E-04003FC4352D}.Debug|Any CPU.Build.0 = Debug|Any CPU
		{264EA73C-CFF7-4F98-A45E-04003FC4352D}.Release|Any CPU.ActiveCfg = Release|Any CPU
		{264EA73C-CFF7-4F98-A45E-04003FC4352D}.Release|Any CPU.Build.0 = Release|Any CPU
		{4D0D61E5-F51B-40F9-BAE4-69003E178B7F}.Debug|Any CPU.ActiveCfg = Debug|Any CPU
		{4D0D61E5-F51B-40F9-BAE4-69003E178B7F}.Debug|Any CPU.Build.0 = Debug|Any CPU
		{4D0D61E5-F51B-40F9-BAE4-69003E178B7F}.Release|Any CPU.ActiveCfg = Release|Any CPU
		{4D0D61E5-F51B-40F9-BAE4-69003E178B7F}.Release|Any CPU.Build.0 = Release|Any CPU
		{2FF7347F-9D81-4C45-A421-62843BEDB012}.Debug|Any CPU.ActiveCfg = Debug|Any CPU
		{2FF7347F-9D81-4C45-A421-62843BEDB012}.Debug|Any CPU.Build.0 = Debug|Any CPU
		{2FF7347F-9D81-4C45-A421-62843BEDB012}.Release|Any CPU.ActiveCfg = Release|Any CPU
		{2FF7347F-9D81-4C45-A421-62843BEDB012}.Release|Any CPU.Build.0 = Release|Any CPU
		{5F476ECC-B89C-44D3-A656-FB9C018E344B}.Debug|Any CPU.ActiveCfg = Debug|Any CPU
		{5F476ECC-B89C-44D3-A656-FB9C018E344B}.Debug|Any CPU.Build.0 = Debug|Any CPU
		{5F476ECC-B89C-44D3-A656-FB9C018E344B}.Release|Any CPU.ActiveCfg = Release|Any CPU
		{5F476ECC-B89C-44D3-A656-FB9C018E344B}.Release|Any CPU.Build.0 = Release|Any CPU
		{FA139417-EEA7-41ED-941A-6759F35E92EC}.Debug|Any CPU.ActiveCfg = Debug|Any CPU
		{FA139417-EEA7-41ED-941A-6759F35E92EC}.Debug|Any CPU.Build.0 = Debug|Any CPU
		{FA139417-EEA7-41ED-941A-6759F35E92EC}.Release|Any CPU.ActiveCfg = Release|Any CPU
		{FA139417-EEA7-41ED-941A-6759F35E92EC}.Release|Any CPU.Build.0 = Release|Any CPU
	EndGlobalSection
EndGlobal
